{"format_version":"0.2","terraform_version":"1.0.10","variables":{"ami_id":{"value":"ami-051f7e7f6c2f40dc1"},"availability_zone":{"value":"us-east-1a"},"aws_key_name":{"value":"Pooja"},"destination_cidr_block":{"value":"0.0.0.0/0"},"instance_type":{"value":"t2.micro"},"public_subnet_cidr":{"value":"10.0.0.0/24"},"ssh_port":{"value":22},"vpc_cidr_block":{"value":"10.0.0.0/16"}},"planned_values":{"root_module":{"resources":[{"address":"aws_instance.this_my_ec2_instance","mode":"managed","type":"aws_instance","name":"this_my_ec2_instance","provider_name":"registry.terraform.io/hashicorp/aws","schema_version":1,"values":{"ami":"ami-051f7e7f6c2f40dc1","credit_specification":[],"get_password_data":false,"hibernation":null,"instance_type":"t2.micro","key_name":"loginkey","launch_template":[],"source_dest_check":true,"tags":null,"timeouts":null,"user_data_replace_on_change":false,"volume_tags":null},"sensitive_values":{"capacity_reservation_specification":[],"cpu_options":[],"credit_specification":[],"ebs_block_device":[],"enclave_options":[],"ephemeral_block_device":[],"instance_market_options":[],"ipv6_addresses":[],"launch_template":[],"maintenance_options":[],"metadata_options":[],"network_interface":[],"private_dns_name_options":[],"root_block_device":[],"secondary_private_ips":[],"security_groups":[],"tags_all":{},"vpc_security_group_ids":[]}},{"address":"aws_internet_gateway.this-igw","mode":"managed","type":"aws_internet_gateway","name":"this-igw","provider_name":"registry.terraform.io/hashicorp/aws","schema_version":0,"values":{"tags":null,"timeouts":null},"sensitive_values":{"tags_all":{}}},{"address":"aws_key_pair.loginkey","mode":"managed","type":"aws_key_pair","name":"loginkey","provider_name":"registry.terraform.io/hashicorp/aws","schema_version":1,"values":{"key_name":"loginkey","public_key":"ssh-rsa AAAAB3NzaC1yc2EAAAADAQABAAABgQDFz8pLEll7TuryVptLcs6M0KAx4+sPVa3Pj4/OzYzGD+Bjjbladza2Xx4d5aWTErUojD68Z3tcGsmJ/Gnz5tBYVbm+K5B6Vqyq0uuzSg/xTw3Vy9hm+1W6uccAKxDzW7i+H3QFeduVsBMVTWGA+i07n4TSfbEkJPiv7fg2EhTjSUkijkaqndA3oKzqXviYeJYLlb2Xx3MpgUiqaAO4TaxDLcWhTNreL9Im6PfFBkW1PRwGeJfxLI0xyApbdK4Zrf/d6ROJtTt13vckdu4a8yoQ1igkpMAb/1URijWNIKqWb7B57CxfvG3GwE6zAa5OBdKKSdUA3R8AOIvHDnH2F6AAhCmDLreT4LZ9T91wMqdhJkbv/AxrkUBSQ1eABLzcrfnkKM8GgQK0jc1tskTaDVkVLzHpHnN+AkVfRk4Hhaq5kM7ZQGVLj2SrqVUQ87N5NZZbX5os7yJWIFWNk0vSna8ce14Yfla4wmCMEUSgKBQ9nJHY7vT3S++NK0nAkmFjhhU= root@DESKTOP-CV4D819","tags":null},"sensitive_values":{"tags_all":{}}},{"address":"aws_route.this-route-public","mode":"managed","type":"aws_route","name":"this-route-public","provider_name":"registry.terraform.io/hashicorp/aws","schema_version":0,"values":{"carrier_gateway_id":null,"core_network_arn":null,"destination_cidr_block":"0.0.0.0/0","destination_ipv6_cidr_block":null,"destination_prefix_list_id":null,"egress_only_gateway_id":null,"local_gateway_id":null,"nat_gateway_id":null,"timeouts":null,"transit_gateway_id":null,"vpc_endpoint_id":null,"vpc_peering_connection_id":null},"sensitive_values":{}},{"address":"aws_route_table.this-RT-public","mode":"managed","type":"aws_route_table","name":"this-RT-public","provider_name":"registry.terraform.io/hashicorp/aws","schema_version":0,"values":{"tags":null,"timeouts":null},"sensitive_values":{"propagating_vgws":[],"route":[],"tags_all":{}}},{"address":"aws_route_table_association.this-RTAS-public","mode":"managed","type":"aws_route_table_association","name":"this-RTAS-public","provider_name":"registry.terraform.io/hashicorp/aws","schema_version":0,"values":{"gateway_id":null,"timeouts":null},"sensitive_values":{}},{"address":"aws_security_group.this_my_sg","mode":"managed","type":"aws_security_group","name":"this_my_sg","provider_name":"registry.terraform.io/hashicorp/aws","schema_version":1,"values":{"description":"Allow ssh inbound traffic","ingress":[{"cidr_blocks":["10.0.0.0/16"],"description":"","from_port":22,"ipv6_cidr_blocks":[],"prefix_list_ids":[],"protocol":"tcp","security_groups":[],"self":false,"to_port":22}],"name":"allow_ssh","revoke_rules_on_delete":false,"tags":null,"timeouts":null},"sensitive_values":{"egress":[],"ingress":[{"cidr_blocks":[false],"ipv6_cidr_blocks":[],"prefix_list_ids":[],"security_groups":[]}],"tags_all":{}}},{"address":"aws_subnet.this-subnet-public01","mode":"managed","type":"aws_subnet","name":"this-subnet-public01","provider_name":"registry.terraform.io/hashicorp/aws","schema_version":1,"values":{"assign_ipv6_address_on_creation":false,"availability_zone":"us-east-1a","cidr_block":"10.0.0.0/24","customer_owned_ipv4_pool":null,"enable_dns64":false,"enable_lni_at_device_index":null,"enable_resource_name_dns_a_record_on_launch":false,"enable_resource_name_dns_aaaa_record_on_launch":false,"ipv6_cidr_block":null,"ipv6_native":false,"map_customer_owned_ip_on_launch":null,"map_public_ip_on_launch":false,"outpost_arn":null,"tags":null,"timeouts":null},"sensitive_values":{"tags_all":{}}},{"address":"aws_vpc.this-vpc","mode":"managed","type":"aws_vpc","name":"this-vpc","provider_name":"registry.terraform.io/hashicorp/aws","schema_version":1,"values":{"assign_generated_ipv6_cidr_block":null,"cidr_block":"10.0.0.0/16","enable_dns_support":true,"instance_tenancy":"default","ipv4_ipam_pool_id":null,"ipv4_netmask_length":null,"ipv6_ipam_pool_id":null,"ipv6_netmask_length":null,"tags":null},"sensitive_values":{"tags_all":{}}}]}},"resource_changes":[{"address":"aws_instance.this_my_ec2_instance","mode":"managed","type":"aws_instance","name":"this_my_ec2_instance","provider_name":"registry.terraform.io/hashicorp/aws","change":{"actions":["create"],"before":null,"after":{"ami":"ami-051f7e7f6c2f40dc1","credit_specification":[],"get_password_data":false,"hibernation":null,"instance_type":"t2.micro","key_name":"loginkey","launch_template":[],"source_dest_check":true,"tags":null,"timeouts":null,"user_data_replace_on_change":false,"volume_tags":null},"after_unknown":{"arn":true,"associate_public_ip_address":true,"availability_zone":true,"capacity_reservation_specification":true,"cpu_core_count":true,"cpu_options":true,"cpu_threads_per_core":true,"credit_specification":[],"disable_api_stop":true,"disable_api_termination":true,"ebs_block_device":true,"ebs_optimized":true,"enclave_options":true,"ephemeral_block_device":true,"host_id":true,"host_resource_group_arn":true,"iam_instance_profile":true,"id":true,"instance_initiated_shutdown_behavior":true,"instance_lifecycle":true,"instance_market_options":true,"instance_state":true,"ipv6_address_count":true,"ipv6_addresses":true,"launch_template":[],"maintenance_options":true,"metadata_options":true,"monitoring":true,"network_interface":true,"outpost_arn":true,"password_data":true,"placement_group":true,"placement_partition_number":true,"primary_network_interface_id":true,"private_dns":true,"private_dns_name_options":true,"private_ip":true,"public_dns":true,"public_ip":true,"root_block_device":true,"secondary_private_ips":true,"security_groups":true,"spot_instance_request_id":true,"subnet_id":true,"tags_all":true,"tenancy":true,"user_data":true,"user_data_base64":true,"vpc_security_group_ids":true},"before_sensitive":false,"after_sensitive":{"capacity_reservation_specification":[],"cpu_options":[],"credit_specification":[],"ebs_block_device":[],"enclave_options":[],"ephemeral_block_device":[],"instance_market_options":[],"ipv6_addresses":[],"launch_template":[],"maintenance_options":[],"metadata_options":[],"network_interface":[],"private_dns_name_options":[],"root_block_device":[],"secondary_private_ips":[],"security_groups":[],"tags_all":{},"vpc_security_group_ids":[]}}},{"address":"aws_internet_gateway.this-igw","mode":"managed","type":"aws_internet_gateway","name":"this-igw","provider_name":"registry.terraform.io/hashicorp/aws","change":{"actions":["create"],"before":null,"after":{"tags":null,"timeouts":null},"after_unknown":{"arn":true,"id":true,"owner_id":true,"tags_all":true,"vpc_id":true},"before_sensitive":false,"after_sensitive":{"tags_all":{}}}},{"address":"aws_key_pair.loginkey","mode":"managed","type":"aws_key_pair","name":"loginkey","provider_name":"registry.terraform.io/hashicorp/aws","change":{"actions":["create"],"before":null,"after":{"key_name":"loginkey","public_key":"ssh-rsa AAAAB3NzaC1yc2EAAAADAQABAAABgQDFz8pLEll7TuryVptLcs6M0KAx4+sPVa3Pj4/OzYzGD+Bjjbladza2Xx4d5aWTErUojD68Z3tcGsmJ/Gnz5tBYVbm+K5B6Vqyq0uuzSg/xTw3Vy9hm+1W6uccAKxDzW7i+H3QFeduVsBMVTWGA+i07n4TSfbEkJPiv7fg2EhTjSUkijkaqndA3oKzqXviYeJYLlb2Xx3MpgUiqaAO4TaxDLcWhTNreL9Im6PfFBkW1PRwGeJfxLI0xyApbdK4Zrf/d6ROJtTt13vckdu4a8yoQ1igkpMAb/1URijWNIKqWb7B57CxfvG3GwE6zAa5OBdKKSdUA3R8AOIvHDnH2F6AAhCmDLreT4LZ9T91wMqdhJkbv/AxrkUBSQ1eABLzcrfnkKM8GgQK0jc1tskTaDVkVLzHpHnN+AkVfRk4Hhaq5kM7ZQGVLj2SrqVUQ87N5NZZbX5os7yJWIFWNk0vSna8ce14Yfla4wmCMEUSgKBQ9nJHY7vT3S++NK0nAkmFjhhU= root@DESKTOP-CV4D819","tags":null},"after_unknown":{"arn":true,"fingerprint":true,"id":true,"key_name_prefix":true,"key_pair_id":true,"key_type":true,"tags_all":true},"before_sensitive":false,"after_sensitive":{"tags_all":{}}}},{"address":"aws_route.this-route-public","mode":"managed","type":"aws_route","name":"this-route-public","provider_name":"registry.terraform.io/hashicorp/aws","change":{"actions":["create"],"before":null,"after":{"carrier_gateway_id":null,"core_network_arn":null,"destination_cidr_block":"0.0.0.0/0","destination_ipv6_cidr_block":null,"destination_prefix_list_id":null,"egress_only_gateway_id":null,"local_gateway_id":null,"nat_gateway_id":null,"timeouts":null,"transit_gateway_id":null,"vpc_endpoint_id":null,"vpc_peering_connection_id":null},"after_unknown":{"gateway_id":true,"id":true,"instance_id":true,"instance_owner_id":true,"network_interface_id":true,"origin":true,"route_table_id":true,"state":true},"before_sensitive":false,"after_sensitive":{}}},{"address":"aws_route_table.this-RT-public","mode":"managed","type":"aws_route_table","name":"this-RT-public","provider_name":"registry.terraform.io/hashicorp/aws","change":{"actions":["create"],"before":null,"after":{"tags":null,"timeouts":null},"after_unknown":{"arn":true,"id":true,"owner_id":true,"propagating_vgws":true,"route":true,"tags_all":true,"vpc_id":true},"before_sensitive":false,"after_sensitive":{"propagating_vgws":[],"route":[],"tags_all":{}}}},{"address":"aws_route_table_association.this-RTAS-public","mode":"managed","type":"aws_route_table_association","name":"this-RTAS-public","provider_name":"registry.terraform.io/hashicorp/aws","change":{"actions":["create"],"before":null,"after":{"gateway_id":null,"timeouts":null},"after_unknown":{"id":true,"route_table_id":true,"subnet_id":true},"before_sensitive":false,"after_sensitive":{}}},{"address":"aws_security_group.this_my_sg","mode":"managed","type":"aws_security_group","name":"this_my_sg","provider_name":"registry.terraform.io/hashicorp/aws","change":{"actions":["create"],"before":null,"after":{"description":"Allow ssh inbound traffic","ingress":[{"cidr_blocks":["10.0.0.0/16"],"description":"","from_port":22,"ipv6_cidr_blocks":[],"prefix_list_ids":[],"protocol":"tcp","security_groups":[],"self":false,"to_port":22}],"name":"allow_ssh","revoke_rules_on_delete":false,"tags":null,"timeouts":null},"after_unknown":{"arn":true,"egress":true,"id":true,"ingress":[{"cidr_blocks":[false],"ipv6_cidr_blocks":[],"prefix_list_ids":[],"security_groups":[]}],"name_prefix":true,"owner_id":true,"tags_all":true,"vpc_id":true},"before_sensitive":false,"after_sensitive":{"egress":[],"ingress":[{"cidr_blocks":[false],"ipv6_cidr_blocks":[],"prefix_list_ids":[],"security_groups":[]}],"tags_all":{}}}},{"address":"aws_subnet.this-subnet-public01","mode":"managed","type":"aws_subnet","name":"this-subnet-public01","provider_name":"registry.terraform.io/hashicorp/aws","change":{"actions":["create"],"before":null,"after":{"assign_ipv6_address_on_creation":false,"availability_zone":"us-east-1a","cidr_block":"10.0.0.0/24","customer_owned_ipv4_pool":null,"enable_dns64":false,"enable_lni_at_device_index":null,"enable_resource_name_dns_a_record_on_launch":false,"enable_resource_name_dns_aaaa_record_on_launch":false,"ipv6_cidr_block":null,"ipv6_native":false,"map_customer_owned_ip_on_launch":null,"map_public_ip_on_launch":false,"outpost_arn":null,"tags":null,"timeouts":null},"after_unknown":{"arn":true,"availability_zone_id":true,"id":true,"ipv6_cidr_block_association_id":true,"owner_id":true,"private_dns_hostname_type_on_launch":true,"tags_all":true,"vpc_id":true},"before_sensitive":false,"after_sensitive":{"tags_all":{}}}},{"address":"aws_vpc.this-vpc","mode":"managed","type":"aws_vpc","name":"this-vpc","provider_name":"registry.terraform.io/hashicorp/aws","change":{"actions":["create"],"before":null,"after":{"assign_generated_ipv6_cidr_block":null,"cidr_block":"10.0.0.0/16","enable_dns_support":true,"instance_tenancy":"default","ipv4_ipam_pool_id":null,"ipv4_netmask_length":null,"ipv6_ipam_pool_id":null,"ipv6_netmask_length":null,"tags":null},"after_unknown":{"arn":true,"default_network_acl_id":true,"default_route_table_id":true,"default_security_group_id":true,"dhcp_options_id":true,"enable_dns_hostnames":true,"enable_network_address_usage_metrics":true,"id":true,"ipv6_association_id":true,"ipv6_cidr_block":true,"ipv6_cidr_block_network_border_group":true,"main_route_table_id":true,"owner_id":true,"tags_all":true},"before_sensitive":false,"after_sensitive":{"tags_all":{}}}}],"configuration":{"provider_config":{"aws":{"name":"aws","version_constraint":"5.13.1","expressions":{"region":{"constant_value":"us-east-1"}}}},"root_module":{"resources":[{"address":"aws_instance.this_my_ec2_instance","mode":"managed","type":"aws_instance","name":"this_my_ec2_instance","provider_config_key":"aws","expressions":{"ami":{"references":["var.ami_id"]},"instance_type":{"references":["var.instance_type"]},"key_name":{"references":["aws_key_pair.loginkey.key_name","aws_key_pair.loginkey"]}},"schema_version":1},{"address":"aws_internet_gateway.this-igw","mode":"managed","type":"aws_internet_gateway","name":"this-igw","provider_config_key":"aws","expressions":{"vpc_id":{"references":["aws_vpc.this-vpc.id","aws_vpc.this-vpc"]}},"schema_version":0},{"address":"aws_key_pair.loginkey","mode":"managed","type":"aws_key_pair","name":"loginkey","provider_config_key":"aws","expressions":{"key_name":{"constant_value":"loginkey"},"public_key":{}},"schema_version":1},{"address":"aws_route.this-route-public","mode":"managed","type":"aws_route","name":"this-route-public","provider_config_key":"aws","expressions":{"destination_cidr_block":{"references":["var.destination_cidr_block"]},"gateway_id":{"references":["aws_internet_gateway.this-igw.id","aws_internet_gateway.this-igw"]},"route_table_id":{"references":["aws_route_table.this-RT-public.id","aws_route_table.this-RT-public"]}},"schema_version":0},{"address":"aws_route_table.this-RT-public","mode":"managed","type":"aws_route_table","name":"this-RT-public","provider_config_key":"aws","expressions":{"vpc_id":{"references":["aws_vpc.this-vpc.id","aws_vpc.this-vpc"]}},"schema_version":0},{"address":"aws_route_table_association.this-RTAS-public","mode":"managed","type":"aws_route_table_association","name":"this-RTAS-public","provider_config_key":"aws","expressions":{"route_table_id":{"references":["aws_route_table.this-RT-public.id","aws_route_table.this-RT-public"]},"subnet_id":{"references":["aws_subnet.this-subnet-public01.id","aws_subnet.this-subnet-public01"]}},"schema_version":0},{"address":"aws_security_group.this_my_sg","mode":"managed","type":"aws_security_group","name":"this_my_sg","provider_config_key":"aws","expressions":{"description":{"constant_value":"Allow ssh inbound traffic"},"name":{"constant_value":"allow_ssh"},"vpc_id":{"references":["aws_vpc.this-vpc.id","aws_vpc.this-vpc"]}},"schema_version":1},{"address":"aws_subnet.this-subnet-public01","mode":"managed","type":"aws_subnet","name":"this-subnet-public01","provider_config_key":"aws","expressions":{"availability_zone":{"references":["var.availability_zone"]},"cidr_block":{"references":["var.public_subnet_cidr"]},"vpc_id":{"references":["aws_vpc.this-vpc.id","aws_vpc.this-vpc"]}},"schema_version":1},{"address":"aws_vpc.this-vpc","mode":"managed","type":"aws_vpc","name":"this-vpc","provider_config_key":"aws","expressions":{"cidr_block":{"references":["var.vpc_cidr_block"]},"instance_tenancy":{"constant_value":"default"}},"schema_version":1}],"variables":{"ami_id":{},"availability_zone":{},"aws_key_name":{},"destination_cidr_block":{},"instance_type":{},"public_subnet_cidr":{},"ssh_port":{},"vpc_cidr_block":{}}}}}
