{
  "version": 4,
  "terraform_version": "1.0.10",
  "serial": 33,
  "lineage": "081f7861-1b03-1343-e19b-4d4962fc1609",
  "outputs": {},
  "resources": [
    {
      "module": "module.sg",
      "mode": "managed",
      "type": "aws_security_group",
      "name": "m_sg",
      "provider": "provider[\"registry.terraform.io/hashicorp/aws\"]",
      "instances": [
        {
          "schema_version": 1,
          "attributes": {
            "arn": "arn:aws:ec2:ap-south-1:258568889584:security-group/sg-0965fc84ea3a0a13e",
            "description": "Managed by Terraform",
            "egress": [],
            "id": "sg-0965fc84ea3a0a13e",
            "ingress": [
              {
                "cidr_blocks": [
                  "0.0.0.0/0"
                ],
                "description": "TLS from VPC",
                "from_port": 22,
                "ipv6_cidr_blocks": [],
                "prefix_list_ids": [],
                "protocol": "tcp",
                "security_groups": [],
                "self": false,
                "to_port": 22
              },
              {
                "cidr_blocks": [
                  "0.0.0.0/0"
                ],
                "description": "TLS from VPC",
                "from_port": 80,
                "ipv6_cidr_blocks": [],
                "prefix_list_ids": [],
                "protocol": "tcp",
                "security_groups": [],
                "self": false,
                "to_port": 80
              }
            ],
            "name": "my_sg222",
            "name_prefix": "",
            "owner_id": "258568889584",
            "revoke_rules_on_delete": false,
            "tags": null,
            "tags_all": {},
            "timeouts": null,
            "vpc_id": "vpc-0c033e64d96439b61"
          },
          "sensitive_attributes": [],
          "private": "eyJlMmJmYjczMC1lY2FhLTExZTYtOGY4OC0zNDM2M2JjN2M0YzAiOnsiY3JlYXRlIjo2MDAwMDAwMDAwMDAsImRlbGV0ZSI6OTAwMDAwMDAwMDAwfSwic2NoZW1hX3ZlcnNpb24iOiIxIn0="
        }
      ]
    },
    {
      "module": "module.ssh",
      "mode": "managed",
      "type": "aws_key_pair",
      "name": "m_login",
      "provider": "provider[\"registry.terraform.io/hashicorp/aws\"]",
      "instances": [
        {
          "schema_version": 1,
          "attributes": {
            "arn": "arn:aws:ec2:ap-south-1:258568889584:key-pair/nilam",
            "fingerprint": "0a:f3:26:79:74:d0:0e:39:ec:81:13:6d:8e:8d:d8:31",
            "id": "nilam",
            "key_name": "nilam",
            "key_name_prefix": "",
            "key_pair_id": "key-0ab52f715d71c53d4",
            "key_type": "rsa",
            "public_key": "ssh-rsa AAAAB3NzaC1yc2EAAAADAQABAAABgQDFz8pLEll7TuryVptLcs6M0KAx4+sPVa3Pj4/OzYzGD+Bjjbladza2Xx4d5aWTErUojD68Z3tcGsmJ/Gnz5tBYVbm+K5B6Vqyq0uuzSg/xTw3Vy9hm+1W6uccAKxDzW7i+H3QFeduVsBMVTWGA+i07n4TSfbEkJPiv7fg2EhTjSUkijkaqndA3oKzqXviYeJYLlb2Xx3MpgUiqaAO4TaxDLcWhTNreL9Im6PfFBkW1PRwGeJfxLI0xyApbdK4Zrf/d6ROJtTt13vckdu4a8yoQ1igkpMAb/1URijWNIKqWb7B57CxfvG3GwE6zAa5OBdKKSdUA3R8AOIvHDnH2F6AAhCmDLreT4LZ9T91wMqdhJkbv/AxrkUBSQ1eABLzcrfnkKM8GgQK0jc1tskTaDVkVLzHpHnN+AkVfRk4Hhaq5kM7ZQGVLj2SrqVUQ87N5NZZbX5os7yJWIFWNk0vSna8ce14Yfla4wmCMEUSgKBQ9nJHY7vT3S++NK0nAkmFjhhU= root@DESKTOP-CV4D819",
            "tags": {},
            "tags_all": {}
          },
          "sensitive_attributes": [],
          "private": "eyJzY2hlbWFfdmVyc2lvbiI6IjEifQ=="
        }
      ]
    }
  ]
}
