{
  "version": 4,
  "terraform_version": "1.0.10",
  "serial": 3,
  "lineage": "452eb628-92b9-25b2-5ea4-7c20490f58ed",
  "outputs": {},
  "resources": [
    {
      "mode": "managed",
      "type": "aws_instance",
      "name": "myec11",
      "provider": "provider[\"registry.terraform.io/hashicorp/aws\"]",
      "instances": [
        {
          "schema_version": 1,
          "attributes": {
            "ami": "ami-08a52ddb321b32a8c",
            "arn": "arn:aws:ec2:us-east-1:258568889584:instance/i-07ce1ac411c3fc243",
            "associate_public_ip_address": true,
            "availability_zone": "us-east-1a",
            "capacity_reservation_specification": [
              {
                "capacity_reservation_preference": "open",
                "capacity_reservation_target": []
              }
            ],
            "cpu_core_count": 1,
            "cpu_options": [
              {
                "amd_sev_snp": "",
                "core_count": 1,
                "threads_per_core": 1
              }
            ],
            "cpu_threads_per_core": 1,
            "credit_specification": [
              {
                "cpu_credits": "standard"
              }
            ],
            "disable_api_stop": false,
            "disable_api_termination": false,
            "ebs_block_device": [],
            "ebs_optimized": false,
            "enclave_options": [
              {
                "enabled": false
              }
            ],
            "ephemeral_block_device": [],
            "get_password_data": false,
            "hibernation": false,
            "host_id": "",
            "host_resource_group_arn": null,
            "iam_instance_profile": "",
            "id": "i-07ce1ac411c3fc243",
            "instance_initiated_shutdown_behavior": "stop",
            "instance_lifecycle": "",
            "instance_market_options": [],
            "instance_state": "running",
            "instance_type": "t2.micro",
            "ipv6_address_count": 0,
            "ipv6_addresses": [],
            "key_name": "ismail",
            "launch_template": [],
            "maintenance_options": [
              {
                "auto_recovery": "default"
              }
            ],
            "metadata_options": [
              {
                "http_endpoint": "enabled",
                "http_protocol_ipv6": "disabled",
                "http_put_response_hop_limit": 2,
                "http_tokens": "required",
                "instance_metadata_tags": "disabled"
              }
            ],
            "monitoring": false,
            "network_interface": [],
            "outpost_arn": "",
            "password_data": "",
            "placement_group": "",
            "placement_partition_number": 0,
            "primary_network_interface_id": "eni-089fe2ed8c0da55aa",
            "private_dns": "ip-172-31-42-90.ec2.internal",
            "private_dns_name_options": [
              {
                "enable_resource_name_dns_a_record": false,
                "enable_resource_name_dns_aaaa_record": false,
                "hostname_type": "ip-name"
              }
            ],
            "private_ip": "172.31.42.90",
            "public_dns": "ec2-54-84-32-150.compute-1.amazonaws.com",
            "public_ip": "54.84.32.150",
            "root_block_device": [
              {
                "delete_on_termination": true,
                "device_name": "/dev/xvda",
                "encrypted": false,
                "iops": 3000,
                "kms_key_id": "",
                "tags": {},
                "throughput": 125,
                "volume_id": "vol-0872c54f18dda0683",
                "volume_size": 8,
                "volume_type": "gp3"
              }
            ],
            "secondary_private_ips": [],
            "security_groups": [
              "default"
            ],
            "source_dest_check": true,
            "spot_instance_request_id": "",
            "subnet_id": "subnet-035eed1970bd8bd32",
            "tags": null,
            "tags_all": {},
            "tenancy": "default",
            "timeouts": null,
            "user_data": null,
            "user_data_base64": null,
            "user_data_replace_on_change": false,
            "volume_tags": null,
            "vpc_security_group_ids": [
              "sg-09c78c540ac157849"
            ]
          },
          "sensitive_attributes": [],
          "private": "eyJlMmJmYjczMC1lY2FhLTExZTYtOGY4OC0zNDM2M2JjN2M0YzAiOnsiY3JlYXRlIjo2MDAwMDAwMDAwMDAsImRlbGV0ZSI6MTIwMDAwMDAwMDAwMCwidXBkYXRlIjo2MDAwMDAwMDAwMDB9LCJzY2hlbWFfdmVyc2lvbiI6IjEifQ==",
          "dependencies": [
            "aws_key_pair.pooja"
          ]
        }
      ]
    },
    {
      "mode": "managed",
      "type": "aws_key_pair",
      "name": "pooja",
      "provider": "provider[\"registry.terraform.io/hashicorp/aws\"]",
      "instances": [
        {
          "schema_version": 1,
          "attributes": {
            "arn": "arn:aws:ec2:us-east-1:258568889584:key-pair/ismail",
            "fingerprint": "4d:60:8a:a4:fc:0d:2e:c9:0c:1e:cb:29:9b:62:8e:81",
            "id": "ismail",
            "key_name": "ismail",
            "key_name_prefix": "",
            "key_pair_id": "key-04116e31747f93701",
            "key_type": "rsa",
            "public_key": "ssh-rsa AAAAB3NzaC1yc2EAAAADAQABAAABgQCpLaGrrG4gaVhfbbLMvOgM+kJSFEjwBpTjAlSNU6MjXvpmJJ/5z4AedpmanjZHjejkRoA3xVn9xb9v9o+AhozWFtJV0d7cjSDJsFpLAiSuW6yQZ+9uGbIrVKjwqDpaJ6ZEectDYkZxW2CRw5fdaXJGNeCK1nTmtiW9k08sTyo2KWVxJOF07idIPiKDDk8KQXMamE/cgzg4QyONpaGvlIBWlCMbZkteB/Jqp8k7LY/xbjn1PfG/wlTHTI0ItXSaHfB+sQkMZGZidIF5QhPr2eTf345asBaXC/X6pJnziYDo4OZmEQ4gZbPpRPGu5e4k92Wb2xxH/OdfgP7Q63kHbcR9ZI3qjKbme2Y/fRntykx6aIvGSlavZ52KDKrcol8j3ZwqlRUHtr+H/z80yWH/qeTaijuWFBtn9fm2UXA4F5JcHy3xH11obGGuMusaS5ljrbArU85CYvsPFw7IODuz8vCcYmQEsvpEQKMmy+qOscPOuDBjmcXUw2KiTqzahPvEG80=",
            "tags": null,
            "tags_all": {}
          },
          "sensitive_attributes": [],
          "private": "eyJzY2hlbWFfdmVyc2lvbiI6IjEifQ=="
        }
      ]
    }
  ]
}
