{
  "version": 4,
  "terraform_version": "1.0.10",
  "serial": 15,
  "lineage": "b55beaef-85b3-0471-2770-4d105b03de64",
  "outputs": {},
  "resources": [
    {
      "mode": "managed",
      "type": "aws_iam_group",
      "name": "this_group01",
      "provider": "provider[\"registry.terraform.io/hashicorp/aws\"]",
      "instances": [
        {
          "schema_version": 0,
          "attributes": {
            "arn": "arn:aws:iam::258568889584:group/cloud",
            "id": "cloud",
            "name": "cloud",
            "path": "/",
            "unique_id": "AGPATYM7IETYLUHJYEAMH"
          },
          "sensitive_attributes": [],
          "private": "bnVsbA=="
        }
      ]
    },
    {
      "mode": "managed",
      "type": "aws_iam_user",
      "name": "this_user01",
      "provider": "provider[\"registry.terraform.io/hashicorp/aws\"]",
      "instances": [
        {
          "schema_version": 0,
          "attributes": {
            "arn": "arn:aws:iam::258568889584:user/puja",
            "force_destroy": false,
            "id": "puja",
            "name": "puja",
            "path": "/",
            "permissions_boundary": null,
            "tags": null,
            "tags_all": {},
            "unique_id": "AIDATYM7IETYBYZF2XO4W"
          },
          "sensitive_attributes": [],
          "private": "bnVsbA=="
        }
      ]
    },
    {
      "mode": "managed",
      "type": "aws_iam_user_group_membership",
      "name": "this_group01",
      "provider": "provider[\"registry.terraform.io/hashicorp/aws\"]",
      "instances": [
        {
          "schema_version": 0,
          "attributes": {
            "groups": [
              "cloud"
            ],
            "id": "terraform-20230830053136072000000001",
            "user": "puja"
          },
          "sensitive_attributes": [],
          "private": "bnVsbA==",
          "dependencies": [
            "aws_iam_group.this_group01",
            "aws_iam_user.this_user01"
          ]
        }
      ]
    }
  ]
}
